
Microsoft Visual Studio Solution File, Format Version 12.00
# Visual Studio Version 17
VisualStudioVersion = 17.0.31903.59
MinimumVisualStudioVersion = 10.0.40219.1
Project("{2150E333-8FDC-42A3-9474-1A3956D46DE8}") = "src", "src", "{E9D2EA91-0FA4-45D4-BA74-8F30631A2DD6}"
EndProject
Project("{2150E333-8FDC-42A3-9474-1A3956D46DE8}") = "Shared", "Shared", "{1A726FDE-06EE-4406-AF5B-5AE2147F5A81}"
EndProject
Project("{FAE04EC0-301F-11D3-BF4B-00C04F79EFBC}") = "NomiWrite.Shared.Contracts", "src\Shared\NomiWrite.Shared.Contracts\NomiWrite.Shared.Contracts.csproj", "{9C87D18F-9440-47F4-BCBF-7FE21266013F}"
EndProject
Project("{2150E333-8FDC-42A3-9474-1A3956D46DE8}") = "Gateway", "Gateway", "{C9506D91-2675-43F9-ADBB-345639416DF2}"
EndProject
Project("{FAE04EC0-301F-11D3-BF4B-00C04F79EFBC}") = "NomiWrite.Gateway", "src\Gateway\NomiWrite.Gateway\NomiWrite.Gateway.csproj", "{AFDC8C02-1912-4E7D-8690-2CCAE5E895A6}"
EndProject
Project("{2150E333-8FDC-42A3-9474-1A3956D46DE8}") = "Services", "Services", "{24DC408A-CC3D-42F9-A48B-4089C6D53A15}"
EndProject
Project("{2150E333-8FDC-42A3-9474-1A3956D46DE8}") = "Auth", "Auth", "{D1062E61-4E23-4B2F-B321-A299D0AE0F71}"
EndProject
Project("{FAE04EC0-301F-11D3-BF4B-00C04F79EFBC}") = "NomiWrite.Auth.Domain", "src\Services\Auth\NomiWrite.Auth.Domain\NomiWrite.Auth.Domain.csproj", "{1C7E552F-25CA-4446-A669-00AEAC8286B3}"
EndProject
Project("{FAE04EC0-301F-11D3-BF4B-00C04F79EFBC}") = "NomiWrite.Auth.Application", "src\Services\Auth\NomiWrite.Auth.Application\NomiWrite.Auth.Application.csproj", "{B4D88E3E-0BB9-47F0-91D3-93C8A25CB6F2}"
EndProject
Project("{FAE04EC0-301F-11D3-BF4B-00C04F79EFBC}") = "NomiWrite.Auth.Infrastructure", "src\Services\Auth\NomiWrite.Auth.Infrastructure\NomiWrite.Auth.Infrastructure.csproj", "{CCED581A-5EB8-45D2-8E2B-D08B5873A664}"
EndProject
Project("{FAE04EC0-301F-11D3-BF4B-00C04F79EFBC}") = "NomiWrite.Auth.API", "src\Services\Auth\NomiWrite.Auth.API\NomiWrite.Auth.API.csproj", "{B7A14A38-481C-47A8-87A8-67FEB076D1EA}"
EndProject
Project("{2150E333-8FDC-42A3-9474-1A3956D46DE8}") = "Payment", "Payment", "{5589DC44-2967-40E4-8F2F-666586F427C5}"
EndProject
Project("{FAE04EC0-301F-11D3-BF4B-00C04F79EFBC}") = "NomiWrite.Payment.Domain", "src\Services\Payment\NomiWrite.Payment.Domain\NomiWrite.Payment.Domain.csproj", "{31D954A2-E425-4520-AA61-A4A104117AEB}"
EndProject
Project("{FAE04EC0-301F-11D3-BF4B-00C04F79EFBC}") = "NomiWrite.Payment.Application", "src\Services\Payment\NomiWrite.Payment.Application\NomiWrite.Payment.Application.csproj", "{9D8F87CA-18C7-42B7-B1B7-32E4D6741681}"
EndProject
Project("{FAE04EC0-301F-11D3-BF4B-00C04F79EFBC}") = "NomiWrite.Payment.Infrastructure", "src\Services\Payment\NomiWrite.Payment.Infrastructure\NomiWrite.Payment.Infrastructure.csproj", "{1A4DF718-9F0E-499B-BEAE-1C97C9C3F8B2}"
EndProject
Project("{FAE04EC0-301F-11D3-BF4B-00C04F79EFBC}") = "NomiWrite.Payment.API", "src\Services\Payment\NomiWrite.Payment.API\NomiWrite.Payment.API.csproj", "{56DBEE8B-063F-4309-B67E-39E4DB39E2FB}"
EndProject
Project("{2150E333-8FDC-42A3-9474-1A3956D46DE8}") = "User", "User", "{84F8FB88-7D32-4045-8854-4C13B09D92E3}"
EndProject
Project("{FAE04EC0-301F-11D3-BF4B-00C04F79EFBC}") = "NomiWrite.User.API", "src\Services\User\NomiWrite.User.API\NomiWrite.User.API.csproj", "{06D8928E-A94D-4313-B77E-93788EAA2320}"
EndProject
Project("{2150E333-8FDC-42A3-9474-1A3956D46DE8}") = "AICoordinator", "AICoordinator", "{2FF264C0-0026-4B0F-AC37-A6EB24A3E901}"
EndProject
Project("{FAE04EC0-301F-11D3-BF4B-00C04F79EFBC}") = "NomiWrite.AICoordinator.API", "src\Services\AICoordinator\NomiWrite.AICoordinator.API\NomiWrite.AICoordinator.API.csproj", "{08A87D04-DB47-4B46-A91A-DB82CF54C9EB}"
EndProject
Global
	GlobalSection(SolutionConfigurationPlatforms) = preSolution
		Debug|Any CPU = Debug|Any CPU
		Release|Any CPU = Release|Any CPU
	EndGlobalSection
	GlobalSection(SolutionProperties) = preSolution
		HideSolutionNode = FALSE
	EndGlobalSection
	GlobalSection(ProjectConfigurationPlatforms) = postSolution
		{9C87D18F-9440-47F4-BCBF-7FE21266013F}.Debug|Any CPU.ActiveCfg = Debug|Any CPU
		{9C87D18F-9440-47F4-BCBF-7FE21266013F}.Debug|Any CPU.Build.0 = Debug|Any CPU
		{9C87D18F-9440-47F4-BCBF-7FE21266013F}.Release|Any CPU.ActiveCfg = Release|Any CPU
		{9C87D18F-9440-47F4-BCBF-7FE21266013F}.Release|Any CPU.Build.0 = Release|Any CPU
		{AFDC8C02-1912-4E7D-8690-2CCAE5E895A6}.Debug|Any CPU.ActiveCfg = Debug|Any CPU
		{AFDC8C02-1912-4E7D-8690-2CCAE5E895A6}.Debug|Any CPU.Build.0 = Debug|Any CPU
		{AFDC8C02-1912-4E7D-8690-2CCAE5E895A6}.Release|Any CPU.ActiveCfg = Release|Any CPU
		{AFDC8C02-1912-4E7D-8690-2CCAE5E895A6}.Release|Any CPU.Build.0 = Release|Any CPU
		{1C7E552F-25CA-4446-A669-00AEAC8286B3}.Debug|Any CPU.ActiveCfg = Debug|Any CPU
		{1C7E552F-25CA-4446-A669-00AEAC8286B3}.Debug|Any CPU.Build.0 = Debug|Any CPU
		{1C7E552F-25CA-4446-A669-00AEAC8286B3}.Release|Any CPU.ActiveCfg = Release|Any CPU
		{1C7E552F-25CA-4446-A669-00AEAC8286B3}.Release|Any CPU.Build.0 = Release|Any CPU
		{B4D88E3E-0BB9-47F0-91D3-93C8A25CB6F2}.Debug|Any CPU.ActiveCfg = Debug|Any CPU
		{B4D88E3E-0BB9-47F0-91D3-93C8A25CB6F2}.Debug|Any CPU.Build.0 = Debug|Any CPU
		{B4D88E3E-0BB9-47F0-91D3-93C8A25CB6F2}.Release|Any CPU.ActiveCfg = Release|Any CPU
		{B4D88E3E-0BB9-47F0-91D3-93C8A25CB6F2}.Release|Any CPU.Build.0 = Release|Any CPU
		{CCED581A-5EB8-45D2-8E2B-D08B5873A664}.Debug|Any CPU.ActiveCfg = Debug|Any CPU
		{CCED581A-5EB8-45D2-8E2B-D08B5873A664}.Debug|Any CPU.Build.0 = Debug|Any CPU
		{CCED581A-5EB8-45D2-8E2B-D08B5873A664}.Release|Any CPU.ActiveCfg = Release|Any CPU
		{CCED581A-5EB8-45D2-8E2B-D08B5873A664}.Release|Any CPU.Build.0 = Release|Any CPU
		{B7A14A38-481C-47A8-87A8-67FEB076D1EA}.Debug|Any CPU.ActiveCfg = Debug|Any CPU
		{B7A14A38-481C-47A8-87A8-67FEB076D1EA}.Debug|Any CPU.Build.0 = Debug|Any CPU
		{B7A14A38-481C-47A8-87A8-67FEB076D1EA}.Release|Any CPU.ActiveCfg = Release|Any CPU
		{B7A14A38-481C-47A8-87A8-67FEB076D1EA}.Release|Any CPU.Build.0 = Release|Any CPU
		{31D954A2-E425-4520-AA61-A4A104117AEB}.Debug|Any CPU.ActiveCfg = Debug|Any CPU
		{31D954A2-E425-4520-AA61-A4A104117AEB}.Debug|Any CPU.Build.0 = Debug|Any CPU
		{31D954A2-E425-4520-AA61-A4A104117AEB}.Release|Any CPU.ActiveCfg = Release|Any CPU
		{31D954A2-E425-4520-AA61-A4A104117AEB}.Release|Any CPU.Build.0 = Release|Any CPU
		{9D8F87CA-18C7-42B7-B1B7-32E4D6741681}.Debug|Any CPU.ActiveCfg = Debug|Any CPU
		{9D8F87CA-18C7-42B7-B1B7-32E4D6741681}.Debug|Any CPU.Build.0 = Debug|Any CPU
		{9D8F87CA-18C7-42B7-B1B7-32E4D6741681}.Release|Any CPU.ActiveCfg = Release|Any CPU
		{9D8F87CA-18C7-42B7-B1B7-32E4D6741681}.Release|Any CPU.Build.0 = Release|Any CPU
		{1A4DF718-9F0E-499B-BEAE-1C97C9C3F8B2}.Debug|Any CPU.ActiveCfg = Debug|Any CPU
		{1A4DF718-9F0E-499B-BEAE-1C97C9C3F8B2}.Debug|Any CPU.Build.0 = Debug|Any CPU
		{1A4DF718-9F0E-499B-BEAE-1C97C9C3F8B2}.Release|Any CPU.ActiveCfg = Release|Any CPU
		{1A4DF718-9F0E-499B-BEAE-1C97C9C3F8B2}.Release|Any CPU.Build.0 = Release|Any CPU
		{56DBEE8B-063F-4309-B67E-39E4DB39E2FB}.Debug|Any CPU.ActiveCfg = Debug|Any CPU
		{56DBEE8B-063F-4309-B67E-39E4DB39E2FB}.Debug|Any CPU.Build.0 = Debug|Any CPU
		{56DBEE8B-063F-4309-B67E-39E4DB39E2FB}.Release|Any CPU.ActiveCfg = Release|Any CPU
		{56DBEE8B-063F-4309-B67E-39E4DB39E2FB}.Release|Any CPU.Build.0 = Release|Any CPU
		{06D8928E-A94D-4313-B77E-93788EAA2320}.Debug|Any CPU.ActiveCfg = Debug|Any CPU
		{06D8928E-A94D-4313-B77E-93788EAA2320}.Debug|Any CPU.Build.0 = Debug|Any CPU
		{06D8928E-A94D-4313-B77E-93788EAA2320}.Release|Any CPU.ActiveCfg = Release|Any CPU
		{06D8928E-A94D-4313-B77E-93788EAA2320}.Release|Any CPU.Build.0 = Release|Any CPU
		{08A87D04-DB47-4B46-A91A-DB82CF54C9EB}.Debug|Any CPU.ActiveCfg = Debug|Any CPU
		{08A87D04-DB47-4B46-A91A-DB82CF54C9EB}.Debug|Any CPU.Build.0 = Debug|Any CPU
		{08A87D04-DB47-4B46-A91A-DB82CF54C9EB}.Release|Any CPU.ActiveCfg = Release|Any CPU
		{08A87D04-DB47-4B46-A91A-DB82CF54C9EB}.Release|Any CPU.Build.0 = Release|Any CPU
	EndGlobalSection
	GlobalSection(NestedProjects) = preSolution
		{1A726FDE-06EE-4406-AF5B-5AE2147F5A81} = {E9D2EA91-0FA4-45D4-BA74-8F30631A2DD6}
		{9C87D18F-9440-47F4-BCBF-7FE21266013F} = {1A726FDE-06EE-4406-AF5B-5AE2147F5A81}
		{C9506D91-2675-43F9-ADBB-345639416DF2} = {E9D2EA91-0FA4-45D4-BA74-8F30631A2DD6}
		{AFDC8C02-1912-4E7D-8690-2CCAE5E895A6} = {C9506D91-2675-43F9-ADBB-345639416DF2}
		{24DC408A-CC3D-42F9-A48B-4089C6D53A15} = {E9D2EA91-0FA4-45D4-BA74-8F30631A2DD6}
		{D1062E61-4E23-4B2F-B321-A299D0AE0F71} = {24DC408A-CC3D-42F9-A48B-4089C6D53A15}
		{1C7E552F-25CA-4446-A669-00AEAC8286B3} = {D1062E61-4E23-4B2F-B321-A299D0AE0F71}
		{B4D88E3E-0BB9-47F0-91D3-93C8A25CB6F2} = {D1062E61-4E23-4B2F-B321-A299D0AE0F71}
		{CCED581A-5EB8-45D2-8E2B-D08B5873A664} = {D1062E61-4E23-4B2F-B321-A299D0AE0F71}
		{B7A14A38-481C-47A8-87A8-67FEB076D1EA} = {D1062E61-4E23-4B2F-B321-A299D0AE0F71}
		{5589DC44-2967-40E4-8F2F-666586F427C5} = {24DC408A-CC3D-42F9-A48B-4089C6D53A15}
		{31D954A2-E425-4520-AA61-A4A104117AEB} = {5589DC44-2967-40E4-8F2F-666586F427C5}
		{9D8F87CA-18C7-42B7-B1B7-32E4D6741681} = {5589DC44-2967-40E4-8F2F-666586F427C5}
		{1A4DF718-9F0E-499B-BEAE-1C97C9C3F8B2} = {5589DC44-2967-40E4-8F2F-666586F427C5}
		{56DBEE8B-063F-4309-B67E-39E4DB39E2FB} = {5589DC44-2967-40E4-8F2F-666586F427C5}
		{84F8FB88-7D32-4045-8854-4C13B09D92E3} = {24DC408A-CC3D-42F9-A48B-4089C6D53A15}
		{06D8928E-A94D-4313-B77E-93788EAA2320} = {84F8FB88-7D32-4045-8854-4C13B09D92E3}
		{2FF264C0-0026-4B0F-AC37-A6EB24A3E901} = {24DC408A-CC3D-42F9-A48B-4089C6D53A15}
		{08A87D04-DB47-4B46-A91A-DB82CF54C9EB} = {2FF264C0-0026-4B0F-AC37-A6EB24A3E901}
	EndGlobalSection
EndGlobal
