
Microsoft Visual Studio Solution File, Format Version 12.00
# Visual Studio Version 17
VisualStudioVersion = 17.0.31903.59
MinimumVisualStudioVersion = 10.0.40219.1
Project("{2150E333-8FDC-42A3-9474-1A3956D46DE8}") = "src", "src", "{E9D2EA91-0FA4-45D4-BA74-8F30631A2DD6}"
EndProject
Project("{2150E333-8FDC-42A3-9474-1A3956D46DE8}") = "Shared", "Shared", "{1A726FDE-06EE-4406-AF5B-5AE2147F5A81}"
EndProject
Project("{FAE04EC0-301F-11D3-BF4B-00C04F79EFBC}") = "NomiWrite.Shared.Contracts", "src\Shared\NomiWrite.Shared.Contracts\NomiWrite.Shared.Contracts.csproj", "{9C87D18F-9440-47F4-BCBF-7FE21266013F}"
EndProject
Project("{2150E333-8FDC-42A3-9474-1A3956D46DE8}") = "Gateway", "Gateway", "{C9506D91-2675-43F9-ADBB-345639416DF2}"
EndProject
Project("{FAE04EC0-301F-11D3-BF4B-00C04F79EFBC}") = "NomiWrite.Gateway", "src\Gateway\NomiWrite.Gateway\NomiWrite.Gateway.csproj", "{AFDC8C02-1912-4E7D-8690-2CCAE5E895A6}"
EndProject
Project("{2150E333-8FDC-42A3-9474-1A3956D46DE8}") = "Services", "Services", "{24DC408A-CC3D-42F9-A48B-4089C6D53A15}"
EndProject
Project("{2150E333-8FDC-42A3-9474-1A3956D46DE8}") = "Auth", "Auth", "{D1062E61-4E23-4B2F-B321-A299D0AE0F71}"
EndProject
Project("{FAE04EC0-301F-11D3-BF4B-00C04F79EFBC}") = "NomiWrite.Auth.Domain", "src\Services\Auth\NomiWrite.Auth.Domain\NomiWrite.Auth.Domain.csproj", "{1C7E552F-25CA-4446-A669-00AEAC8286B3}"
EndProject
Project("{FAE04EC0-301F-11D3-BF4B-00C04F79EFBC}") = "NomiWrite.Auth.Application", "src\Services\Auth\NomiWrite.Auth.Application\NomiWrite.Auth.Application.csproj", "{B4D88E3E-0BB9-47F0-91D3-93C8A25CB6F2}"
EndProject
Project("{FAE04EC0-301F-11D3-BF4B-00C04F79EFBC}") = "NomiWrite.Auth.Infrastructure", "src\Services\Auth\NomiWrite.Auth.Infrastructure\NomiWrite.Auth.Infrastructure.csproj", "{CCED581A-5EB8-45D2-8E2B-D08B5873A664}"
EndProject
Project("{FAE04EC0-301F-11D3-BF4B-00C04F79EFBC}") = "NomiWrite.Auth.API", "src\Services\Auth\NomiWrite.Auth.API\NomiWrite.Auth.API.csproj", "{B7A14A38-481C-47A8-87A8-67FEB076D1EA}"
EndProject
Project("{2150E333-8FDC-42A3-9474-1A3956D46DE8}") = "Payment", "Payment", "{5589DC44-2967-40E4-8F2F-666586F427C5}"
EndProject
Project("{FAE04EC0-301F-11D3-BF4B-00C04F79EFBC}") = "NomiWrite.Payment.Domain", "src\Services\Payment\NomiWrite.Payment.Domain\NomiWrite.Payment.Domain.csproj", "{31D954A2-E425-4520-AA61-A4A104117AEB}"
EndProject
Project("{FAE04EC0-301F-11D3-BF4B-00C04F79EFBC}") = "NomiWrite.Payment.Application", "src\Services\Payment\NomiWrite.Payment.Application\NomiWrite.Payment.Application.csproj", "{9D8F87CA-18C7-42B7-B1B7-32E4D6741681}"
EndProject
Project("{FAE04EC0-301F-11D3-BF4B-00C04F79EFBC}") = "NomiWrite.Payment.Infrastructure", "src\Services\Payment\NomiWrite.Payment.Infrastructure\NomiWrite.Payment.Infrastructure.csproj", "{1A4DF718-9F0E-499B-BEAE-1C97C9C3F8B2}"
EndProject
Project("{FAE04EC0-301F-11D3-BF4B-00C04F79EFBC}") = "NomiWrite.Payment.API", "src\Services\Payment\NomiWrite.Payment.API\NomiWrite.Payment.API.csproj", "{56DBEE8B-063F-4309-B67E-39E4DB39E2FB}"
EndProject
Project("{2150E333-8FDC-42A3-9474-1A3956D46DE8}") = "User", "User", "{84F8FB88-7D32-4045-8854-4C13B09D92E3}"
EndProject
Project("{FAE04EC0-301F-11D3-BF4B-00C04F79EFBC}") = "NomiWrite.User.API", "src\Services\User\NomiWrite.User.API\NomiWrite.User.API.csproj", "{06D8928E-A94D-4313-B77E-93788EAA2320}"
EndProject
Project("{2150E333-8FDC-42A3-9474-1A3956D46DE8}") = "AICoordinator", "AICoordinator", "{2FF264C0-0026-4B0F-AC37-A6EB24A3E901}"
EndProject
Project("{FAE04EC0-301F-11D3-BF4B-00C04F79EFBC}") = "NomiWrite.AICoordinator.API", "src\Services\AICoordinator\NomiWrite.AICoordinator.API\NomiWrite.AICoordinator.API.csproj", "{08A87D04-DB47-4B46-A91A-DB82CF54C9EB}"
EndProject
Project("{2150E333-8FDC-42A3-9474-1A3956D46DE8}") = "Writing", "Writing", "{AB6CDAA3-E32F-41C7-B680-35009FAC0117}"
EndProject
Project("{FAE04EC0-301F-11D3-BF4B-00C04F79EFBC}") = "NomiWrite.Writing.Domain", "src\Services\Writing\NomiWrite.Writing.Domain\NomiWrite.Writing.Domain.csproj", "{05CCB047-3364-49DA-9468-89A6B0442D3E}"
EndProject
Project("{FAE04EC0-301F-11D3-BF4B-00C04F79EFBC}") = "NomiWrite.Writing.Application", "src\Services\Writing\NomiWrite.Writing.Application\NomiWrite.Writing.Application.csproj", "{5CDA581F-CD86-44F9-9510-135A30C4F1E4}"
EndProject
Project("{FAE04EC0-301F-11D3-BF4B-00C04F79EFBC}") = "NomiWrite.Writing.Infrastructure", "src\Services\Writing\NomiWrite.Writing.Infrastructure\NomiWrite.Writing.Infrastructure.csproj", "{AAF6E938-B255-4E9E-8C08-3A9E550EAC99}"
EndProject
Project("{FAE04EC0-301F-11D3-BF4B-00C04F79EFBC}") = "NomiWrite.Writing.API", "src\Services\Writing\NomiWrite.Writing.API\NomiWrite.Writing.API.csproj", "{1B2C780C-580A-485F-96D1-1BF727EE8820}"
EndProject
Project("{FAE04EC0-301F-11D3-BF4B-00C04F79EFBC}") = "NomiWrite.AICoordinator.Domain", "src\Services\AICoordinator\NomiWrite.AICoordinator.Domain\NomiWrite.AICoordinator.Domain.csproj", "{E47DC346-270D-4BA7-B9F4-BE0235E79EFE}"
EndProject
Project("{FAE04EC0-301F-11D3-BF4B-00C04F79EFBC}") = "NomiWrite.AICoordinator.Application", "src\Services\AICoordinator\NomiWrite.AICoordinator.Application\NomiWrite.AICoordinator.Application.csproj", "{7DE3F57A-20B7-4C6E-8588-8C0ABFBE43EC}"
EndProject
Project("{FAE04EC0-301F-11D3-BF4B-00C04F79EFBC}") = "NomiWrite.AICoordinator.Infrastructure", "src\Services\AICoordinator\NomiWrite.AICoordinator.Infrastructure\NomiWrite.AICoordinator.Infrastructure.csproj", "{A8484432-C5BA-4D0A-9F4C-AAB31FB0187F}"
EndProject
Project("{2150E333-8FDC-42A3-9474-1A3956D46DE8}") = "Subscription", "Subscription", "{9511FDB6-DD5B-4FDC-A519-D899156F22BC}"
EndProject
Project("{FAE04EC0-301F-11D3-BF4B-00C04F79EFBC}") = "NomiWrite.Subscription.Domain", "src\Services\Subscription\NomiWrite.Subscription.Domain\NomiWrite.Subscription.Domain.csproj", "{3E2BECD0-84E6-4560-84B5-2E43A4F2A540}"
EndProject
Project("{FAE04EC0-301F-11D3-BF4B-00C04F79EFBC}") = "NomiWrite.Subscription.Application", "src\Services\Subscription\NomiWrite.Subscription.Application\NomiWrite.Subscription.Application.csproj", "{D81B1843-8EEF-48B8-BDD4-436A7D4537FF}"
EndProject
Project("{FAE04EC0-301F-11D3-BF4B-00C04F79EFBC}") = "NomiWrite.Subscription.Infrastructure", "src\Services\Subscription\NomiWrite.Subscription.Infrastructure\NomiWrite.Subscription.Infrastructure.csproj", "{318A15FE-78FD-4C0D-9D58-901949B80AC9}"
EndProject
Project("{FAE04EC0-301F-11D3-BF4B-00C04F79EFBC}") = "NomiWrite.Subscription.API", "src\Services\Subscription\NomiWrite.Subscription.API\NomiWrite.Subscription.API.csproj", "{BC941265-E3E1-46FD-A407-A778C9510C4A}"
EndProject
Project("{FAE04EC0-301F-11D3-BF4B-00C04F79EFBC}") = "NomiWrite.User.Domain", "src\Services\User\NomiWrite.User.Domain\NomiWrite.User.Domain.csproj", "{ECD8F952-E879-4CD9-9383-6BC7D5184E54}"
EndProject
Project("{FAE04EC0-301F-11D3-BF4B-00C04F79EFBC}") = "NomiWrite.User.Application", "src\Services\User\NomiWrite.User.Application\NomiWrite.User.Application.csproj", "{F62C58F9-F16F-4D6D-BEF6-D35CFB0942BB}"
EndProject
Project("{FAE04EC0-301F-11D3-BF4B-00C04F79EFBC}") = "NomiWrite.User.Infrastructure", "src\Services\User\NomiWrite.User.Infrastructure\NomiWrite.User.Infrastructure.csproj", "{344384AF-133F-4C53-9712-B5901C38B0E3}"
EndProject
Project("{2150E333-8FDC-42A3-9474-1A3956D46DE8}") = "Notification", "Notification", "{3A45BF76-621C-493B-9708-15CBABB674BD}"
EndProject
Project("{FAE04EC0-301F-11D3-BF4B-00C04F79EFBC}") = "NomiWrite.Notification.Domain", "src\Services\Notification\NomiWrite.Notification.Domain\NomiWrite.Notification.Domain.csproj", "{FDC1CC4B-CB73-48AC-BC3E-FAC8BEC584E1}"
EndProject
Project("{FAE04EC0-301F-11D3-BF4B-00C04F79EFBC}") = "NomiWrite.Notification.Application", "src\Services\Notification\NomiWrite.Notification.Application\NomiWrite.Notification.Application.csproj", "{C00FC033-17C2-45F4-A7E8-18FF12309CB2}"
EndProject
Project("{FAE04EC0-301F-11D3-BF4B-00C04F79EFBC}") = "NomiWrite.Notification.Infrastructure", "src\Services\Notification\NomiWrite.Notification.Infrastructure\NomiWrite.Notification.Infrastructure.csproj", "{C5D86C0A-E38B-4249-AF2B-B5E21A66BCAF}"
EndProject
Project("{FAE04EC0-301F-11D3-BF4B-00C04F79EFBC}") = "NomiWrite.Notification.API", "src\Services\Notification\NomiWrite.Notification.API\NomiWrite.Notification.API.csproj", "{458D9F49-38DD-4B83-A39E-A55CA516BD75}"
EndProject
Project("{2150E333-8FDC-42A3-9474-1A3956D46DE8}") = "Admin", "Admin", "{A226DF7D-D7BF-4141-A8A0-94504C197C0E}"
EndProject
Project("{FAE04EC0-301F-11D3-BF4B-00C04F79EFBC}") = "NomiWrite.Admin.Domain", "src\Services\Admin\NomiWrite.Admin.Domain\NomiWrite.Admin.Domain.csproj", "{943DE97F-302D-4A29-B480-82F04FB24FD5}"
EndProject
Project("{FAE04EC0-301F-11D3-BF4B-00C04F79EFBC}") = "NomiWrite.Admin.Application", "src\Services\Admin\NomiWrite.Admin.Application\NomiWrite.Admin.Application.csproj", "{6BCB6760-8731-4E45-BA9F-4DAC81E3471B}"
EndProject
Project("{FAE04EC0-301F-11D3-BF4B-00C04F79EFBC}") = "NomiWrite.Admin.Infrastructure", "src\Services\Admin\NomiWrite.Admin.Infrastructure\NomiWrite.Admin.Infrastructure.csproj", "{AC23AB76-BF29-4AD7-AA9A-AC5683B264EB}"
EndProject
Project("{FAE04EC0-301F-11D3-BF4B-00C04F79EFBC}") = "NomiWrite.Admin.API", "src\Services\Admin\NomiWrite.Admin.API\NomiWrite.Admin.API.csproj", "{C771F9CB-B688-4A62-915D-2EE28B508041}"
EndProject
Project("{2150E333-8FDC-42A3-9474-1A3956D46DE8}") = "Learning", "Learning", "{F5A96708-CC39-42B8-8249-B77884739984}"
EndProject
Project("{FAE04EC0-301F-11D3-BF4B-00C04F79EFBC}") = "NomiWrite.Learning.Domain", "src\Services\Learning\NomiWrite.Learning.Domain\NomiWrite.Learning.Domain.csproj", "{26888040-6705-476C-B47C-6460CE8EEA16}"
EndProject
Project("{FAE04EC0-301F-11D3-BF4B-00C04F79EFBC}") = "NomiWrite.Learning.Application", "src\Services\Learning\NomiWrite.Learning.Application\NomiWrite.Learning.Application.csproj", "{BA6FD9E7-EF4B-4C51-90F2-F481C0637B2D}"
EndProject
Project("{FAE04EC0-301F-11D3-BF4B-00C04F79EFBC}") = "NomiWrite.Learning.Infrastructure", "src\Services\Learning\NomiWrite.Learning.Infrastructure\NomiWrite.Learning.Infrastructure.csproj", "{3C441591-3E42-4566-B6F0-92428C85DCBE}"
EndProject
Project("{FAE04EC0-301F-11D3-BF4B-00C04F79EFBC}") = "NomiWrite.Learning.API", "src\Services\Learning\NomiWrite.Learning.API\NomiWrite.Learning.API.csproj", "{A66B5397-C604-49C6-BCC1-F124E1B8009C}"
EndProject
Global
	GlobalSection(SolutionConfigurationPlatforms) = preSolution
		Debug|Any CPU = Debug|Any CPU
		Release|Any CPU = Release|Any CPU
	EndGlobalSection
	GlobalSection(SolutionProperties) = preSolution
		HideSolutionNode = FALSE
	EndGlobalSection
	GlobalSection(ProjectConfigurationPlatforms) = postSolution
		{9C87D18F-9440-47F4-BCBF-7FE21266013F}.Debug|Any CPU.ActiveCfg = Debug|Any CPU
		{9C87D18F-9440-47F4-BCBF-7FE21266013F}.Debug|Any CPU.Build.0 = Debug|Any CPU
		{9C87D18F-9440-47F4-BCBF-7FE21266013F}.Release|Any CPU.ActiveCfg = Release|Any CPU
		{9C87D18F-9440-47F4-BCBF-7FE21266013F}.Release|Any CPU.Build.0 = Release|Any CPU
		{AFDC8C02-1912-4E7D-8690-2CCAE5E895A6}.Debug|Any CPU.ActiveCfg = Debug|Any CPU
		{AFDC8C02-1912-4E7D-8690-2CCAE5E895A6}.Debug|Any CPU.Build.0 = Debug|Any CPU
		{AFDC8C02-1912-4E7D-8690-2CCAE5E895A6}.Release|Any CPU.ActiveCfg = Release|Any CPU
		{AFDC8C02-1912-4E7D-8690-2CCAE5E895A6}.Release|Any CPU.Build.0 = Release|Any CPU
		{1C7E552F-25CA-4446-A669-00AEAC8286B3}.Debug|Any CPU.ActiveCfg = Debug|Any CPU
		{1C7E552F-25CA-4446-A669-00AEAC8286B3}.Debug|Any CPU.Build.0 = Debug|Any CPU
		{1C7E552F-25CA-4446-A669-00AEAC8286B3}.Release|Any CPU.ActiveCfg = Release|Any CPU
		{1C7E552F-25CA-4446-A669-00AEAC8286B3}.Release|Any CPU.Build.0 = Release|Any CPU
		{B4D88E3E-0BB9-47F0-91D3-93C8A25CB6F2}.Debug|Any CPU.ActiveCfg = Debug|Any CPU
		{B4D88E3E-0BB9-47F0-91D3-93C8A25CB6F2}.Debug|Any CPU.Build.0 = Debug|Any CPU
		{B4D88E3E-0BB9-47F0-91D3-93C8A25CB6F2}.Release|Any CPU.ActiveCfg = Release|Any CPU
		{B4D88E3E-0BB9-47F0-91D3-93C8A25CB6F2}.Release|Any CPU.Build.0 = Release|Any CPU
		{CCED581A-5EB8-45D2-8E2B-D08B5873A664}.Debug|Any CPU.ActiveCfg = Debug|Any CPU
		{CCED581A-5EB8-45D2-8E2B-D08B5873A664}.Debug|Any CPU.Build.0 = Debug|Any CPU
		{CCED581A-5EB8-45D2-8E2B-D08B5873A664}.Release|Any CPU.ActiveCfg = Release|Any CPU
		{CCED581A-5EB8-45D2-8E2B-D08B5873A664}.Release|Any CPU.Build.0 = Release|Any CPU
		{B7A14A38-481C-47A8-87A8-67FEB076D1EA}.Debug|Any CPU.ActiveCfg = Debug|Any CPU
		{B7A14A38-481C-47A8-87A8-67FEB076D1EA}.Debug|Any CPU.Build.0 = Debug|Any CPU
		{B7A14A38-481C-47A8-87A8-67FEB076D1EA}.Release|Any CPU.ActiveCfg = Release|Any CPU
		{B7A14A38-481C-47A8-87A8-67FEB076D1EA}.Release|Any CPU.Build.0 = Release|Any CPU
		{31D954A2-E425-4520-AA61-A4A104117AEB}.Debug|Any CPU.ActiveCfg = Debug|Any CPU
		{31D954A2-E425-4520-AA61-A4A104117AEB}.Debug|Any CPU.Build.0 = Debug|Any CPU
		{31D954A2-E425-4520-AA61-A4A104117AEB}.Release|Any CPU.ActiveCfg = Release|Any CPU
		{31D954A2-E425-4520-AA61-A4A104117AEB}.Release|Any CPU.Build.0 = Release|Any CPU
		{9D8F87CA-18C7-42B7-B1B7-32E4D6741681}.Debug|Any CPU.ActiveCfg = Debug|Any CPU
		{9D8F87CA-18C7-42B7-B1B7-32E4D6741681}.Debug|Any CPU.Build.0 = Debug|Any CPU
		{9D8F87CA-18C7-42B7-B1B7-32E4D6741681}.Release|Any CPU.ActiveCfg = Release|Any CPU
		{9D8F87CA-18C7-42B7-B1B7-32E4D6741681}.Release|Any CPU.Build.0 = Release|Any CPU
		{1A4DF718-9F0E-499B-BEAE-1C97C9C3F8B2}.Debug|Any CPU.ActiveCfg = Debug|Any CPU
		{1A4DF718-9F0E-499B-BEAE-1C97C9C3F8B2}.Debug|Any CPU.Build.0 = Debug|Any CPU
		{1A4DF718-9F0E-499B-BEAE-1C97C9C3F8B2}.Release|Any CPU.ActiveCfg = Release|Any CPU
		{1A4DF718-9F0E-499B-BEAE-1C97C9C3F8B2}.Release|Any CPU.Build.0 = Release|Any CPU
		{56DBEE8B-063F-4309-B67E-39E4DB39E2FB}.Debug|Any CPU.ActiveCfg = Debug|Any CPU
		{56DBEE8B-063F-4309-B67E-39E4DB39E2FB}.Debug|Any CPU.Build.0 = Debug|Any CPU
		{56DBEE8B-063F-4309-B67E-39E4DB39E2FB}.Release|Any CPU.ActiveCfg = Release|Any CPU
		{56DBEE8B-063F-4309-B67E-39E4DB39E2FB}.Release|Any CPU.Build.0 = Release|Any CPU
		{06D8928E-A94D-4313-B77E-93788EAA2320}.Debug|Any CPU.ActiveCfg = Debug|Any CPU
		{06D8928E-A94D-4313-B77E-93788EAA2320}.Debug|Any CPU.Build.0 = Debug|Any CPU
		{06D8928E-A94D-4313-B77E-93788EAA2320}.Release|Any CPU.ActiveCfg = Release|Any CPU
		{06D8928E-A94D-4313-B77E-93788EAA2320}.Release|Any CPU.Build.0 = Release|Any CPU
		{08A87D04-DB47-4B46-A91A-DB82CF54C9EB}.Debug|Any CPU.ActiveCfg = Debug|Any CPU
		{08A87D04-DB47-4B46-A91A-DB82CF54C9EB}.Debug|Any CPU.Build.0 = Debug|Any CPU
		{08A87D04-DB47-4B46-A91A-DB82CF54C9EB}.Release|Any CPU.ActiveCfg = Release|Any CPU
		{08A87D04-DB47-4B46-A91A-DB82CF54C9EB}.Release|Any CPU.Build.0 = Release|Any CPU
		{05CCB047-3364-49DA-9468-89A6B0442D3E}.Debug|Any CPU.ActiveCfg = Debug|Any CPU
		{05CCB047-3364-49DA-9468-89A6B0442D3E}.Debug|Any CPU.Build.0 = Debug|Any CPU
		{05CCB047-3364-49DA-9468-89A6B0442D3E}.Release|Any CPU.ActiveCfg = Release|Any CPU
		{05CCB047-3364-49DA-9468-89A6B0442D3E}.Release|Any CPU.Build.0 = Release|Any CPU
		{5CDA581F-CD86-44F9-9510-135A30C4F1E4}.Debug|Any CPU.ActiveCfg = Debug|Any CPU
		{5CDA581F-CD86-44F9-9510-135A30C4F1E4}.Debug|Any CPU.Build.0 = Debug|Any CPU
		{5CDA581F-CD86-44F9-9510-135A30C4F1E4}.Release|Any CPU.ActiveCfg = Release|Any CPU
		{5CDA581F-CD86-44F9-9510-135A30C4F1E4}.Release|Any CPU.Build.0 = Release|Any CPU
		{AAF6E938-B255-4E9E-8C08-3A9E550EAC99}.Debug|Any CPU.ActiveCfg = Debug|Any CPU
		{AAF6E938-B255-4E9E-8C08-3A9E550EAC99}.Debug|Any CPU.Build.0 = Debug|Any CPU
		{AAF6E938-B255-4E9E-8C08-3A9E550EAC99}.Release|Any CPU.ActiveCfg = Release|Any CPU
		{AAF6E938-B255-4E9E-8C08-3A9E550EAC99}.Release|Any CPU.Build.0 = Release|Any CPU
		{1B2C780C-580A-485F-96D1-1BF727EE8820}.Debug|Any CPU.ActiveCfg = Debug|Any CPU
		{1B2C780C-580A-485F-96D1-1BF727EE8820}.Debug|Any CPU.Build.0 = Debug|Any CPU
		{1B2C780C-580A-485F-96D1-1BF727EE8820}.Release|Any CPU.ActiveCfg = Release|Any CPU
		{1B2C780C-580A-485F-96D1-1BF727EE8820}.Release|Any CPU.Build.0 = Release|Any CPU
		{E47DC346-270D-4BA7-B9F4-BE0235E79EFE}.Debug|Any CPU.ActiveCfg = Debug|Any CPU
		{E47DC346-270D-4BA7-B9F4-BE0235E79EFE}.Debug|Any CPU.Build.0 = Debug|Any CPU
		{E47DC346-270D-4BA7-B9F4-BE0235E79EFE}.Release|Any CPU.ActiveCfg = Release|Any CPU
		{E47DC346-270D-4BA7-B9F4-BE0235E79EFE}.Release|Any CPU.Build.0 = Release|Any CPU
		{7DE3F57A-20B7-4C6E-8588-8C0ABFBE43EC}.Debug|Any CPU.ActiveCfg = Debug|Any CPU
		{7DE3F57A-20B7-4C6E-8588-8C0ABFBE43EC}.Debug|Any CPU.Build.0 = Debug|Any CPU
		{7DE3F57A-20B7-4C6E-8588-8C0ABFBE43EC}.Release|Any CPU.ActiveCfg = Release|Any CPU
		{7DE3F57A-20B7-4C6E-8588-8C0ABFBE43EC}.Release|Any CPU.Build.0 = Release|Any CPU
		{A8484432-C5BA-4D0A-9F4C-AAB31FB0187F}.Debug|Any CPU.ActiveCfg = Debug|Any CPU
		{A8484432-C5BA-4D0A-9F4C-AAB31FB0187F}.Debug|Any CPU.Build.0 = Debug|Any CPU
		{A8484432-C5BA-4D0A-9F4C-AAB31FB0187F}.Release|Any CPU.ActiveCfg = Release|Any CPU
		{A8484432-C5BA-4D0A-9F4C-AAB31FB0187F}.Release|Any CPU.Build.0 = Release|Any CPU
		{3E2BECD0-84E6-4560-84B5-2E43A4F2A540}.Debug|Any CPU.ActiveCfg = Debug|Any CPU
		{3E2BECD0-84E6-4560-84B5-2E43A4F2A540}.Debug|Any CPU.Build.0 = Debug|Any CPU
		{3E2BECD0-84E6-4560-84B5-2E43A4F2A540}.Release|Any CPU.ActiveCfg = Release|Any CPU
		{3E2BECD0-84E6-4560-84B5-2E43A4F2A540}.Release|Any CPU.Build.0 = Release|Any CPU
		{D81B1843-8EEF-48B8-BDD4-436A7D4537FF}.Debug|Any CPU.ActiveCfg = Debug|Any CPU
		{D81B1843-8EEF-48B8-BDD4-436A7D4537FF}.Debug|Any CPU.Build.0 = Debug|Any CPU
		{D81B1843-8EEF-48B8-BDD4-436A7D4537FF}.Release|Any CPU.ActiveCfg = Release|Any CPU
		{D81B1843-8EEF-48B8-BDD4-436A7D4537FF}.Release|Any CPU.Build.0 = Release|Any CPU
		{318A15FE-78FD-4C0D-9D58-901949B80AC9}.Debug|Any CPU.ActiveCfg = Debug|Any CPU
		{318A15FE-78FD-4C0D-9D58-901949B80AC9}.Debug|Any CPU.Build.0 = Debug|Any CPU
		{318A15FE-78FD-4C0D-9D58-901949B80AC9}.Release|Any CPU.ActiveCfg = Release|Any CPU
		{318A15FE-78FD-4C0D-9D58-901949B80AC9}.Release|Any CPU.Build.0 = Release|Any CPU
		{BC941265-E3E1-46FD-A407-A778C9510C4A}.Debug|Any CPU.ActiveCfg = Debug|Any CPU
		{BC941265-E3E1-46FD-A407-A778C9510C4A}.Debug|Any CPU.Build.0 = Debug|Any CPU
		{BC941265-E3E1-46FD-A407-A778C9510C4A}.Release|Any CPU.ActiveCfg = Release|Any CPU
		{BC941265-E3E1-46FD-A407-A778C9510C4A}.Release|Any CPU.Build.0 = Release|Any CPU
		{ECD8F952-E879-4CD9-9383-6BC7D5184E54}.Debug|Any CPU.ActiveCfg = Debug|Any CPU
		{ECD8F952-E879-4CD9-9383-6BC7D5184E54}.Debug|Any CPU.Build.0 = Debug|Any CPU
		{ECD8F952-E879-4CD9-9383-6BC7D5184E54}.Release|Any CPU.ActiveCfg = Release|Any CPU
		{ECD8F952-E879-4CD9-9383-6BC7D5184E54}.Release|Any CPU.Build.0 = Release|Any CPU
		{F62C58F9-F16F-4D6D-BEF6-D35CFB0942BB}.Debug|Any CPU.ActiveCfg = Debug|Any CPU
		{F62C58F9-F16F-4D6D-BEF6-D35CFB0942BB}.Debug|Any CPU.Build.0 = Debug|Any CPU
		{F62C58F9-F16F-4D6D-BEF6-D35CFB0942BB}.Release|Any CPU.ActiveCfg = Release|Any CPU
		{F62C58F9-F16F-4D6D-BEF6-D35CFB0942BB}.Release|Any CPU.Build.0 = Release|Any CPU
		{344384AF-133F-4C53-9712-B5901C38B0E3}.Debug|Any CPU.ActiveCfg = Debug|Any CPU
		{344384AF-133F-4C53-9712-B5901C38B0E3}.Debug|Any CPU.Build.0 = Debug|Any CPU
		{344384AF-133F-4C53-9712-B5901C38B0E3}.Release|Any CPU.ActiveCfg = Release|Any CPU
		{344384AF-133F-4C53-9712-B5901C38B0E3}.Release|Any CPU.Build.0 = Release|Any CPU
		{FDC1CC4B-CB73-48AC-BC3E-FAC8BEC584E1}.Debug|Any CPU.ActiveCfg = Debug|Any CPU
		{FDC1CC4B-CB73-48AC-BC3E-FAC8BEC584E1}.Debug|Any CPU.Build.0 = Debug|Any CPU
		{FDC1CC4B-CB73-48AC-BC3E-FAC8BEC584E1}.Release|Any CPU.ActiveCfg = Release|Any CPU
		{FDC1CC4B-CB73-48AC-BC3E-FAC8BEC584E1}.Release|Any CPU.Build.0 = Release|Any CPU
		{C00FC033-17C2-45F4-A7E8-18FF12309CB2}.Debug|Any CPU.ActiveCfg = Debug|Any CPU
		{C00FC033-17C2-45F4-A7E8-18FF12309CB2}.Debug|Any CPU.Build.0 = Debug|Any CPU
		{C00FC033-17C2-45F4-A7E8-18FF12309CB2}.Release|Any CPU.ActiveCfg = Release|Any CPU
		{C00FC033-17C2-45F4-A7E8-18FF12309CB2}.Release|Any CPU.Build.0 = Release|Any CPU
		{C5D86C0A-E38B-4249-AF2B-B5E21A66BCAF}.Debug|Any CPU.ActiveCfg = Debug|Any CPU
		{C5D86C0A-E38B-4249-AF2B-B5E21A66BCAF}.Debug|Any CPU.Build.0 = Debug|Any CPU
		{C5D86C0A-E38B-4249-AF2B-B5E21A66BCAF}.Release|Any CPU.ActiveCfg = Release|Any CPU
		{C5D86C0A-E38B-4249-AF2B-B5E21A66BCAF}.Release|Any CPU.Build.0 = Release|Any CPU
		{458D9F49-38DD-4B83-A39E-A55CA516BD75}.Debug|Any CPU.ActiveCfg = Debug|Any CPU
		{458D9F49-38DD-4B83-A39E-A55CA516BD75}.Debug|Any CPU.Build.0 = Debug|Any CPU
		{458D9F49-38DD-4B83-A39E-A55CA516BD75}.Release|Any CPU.ActiveCfg = Release|Any CPU
		{458D9F49-38DD-4B83-A39E-A55CA516BD75}.Release|Any CPU.Build.0 = Release|Any CPU
		{943DE97F-302D-4A29-B480-82F04FB24FD5}.Debug|Any CPU.ActiveCfg = Debug|Any CPU
		{943DE97F-302D-4A29-B480-82F04FB24FD5}.Debug|Any CPU.Build.0 = Debug|Any CPU
		{943DE97F-302D-4A29-B480-82F04FB24FD5}.Release|Any CPU.ActiveCfg = Release|Any CPU
		{943DE97F-302D-4A29-B480-82F04FB24FD5}.Release|Any CPU.Build.0 = Release|Any CPU
		{6BCB6760-8731-4E45-BA9F-4DAC81E3471B}.Debug|Any CPU.ActiveCfg = Debug|Any CPU
		{6BCB6760-8731-4E45-BA9F-4DAC81E3471B}.Debug|Any CPU.Build.0 = Debug|Any CPU
		{6BCB6760-8731-4E45-BA9F-4DAC81E3471B}.Release|Any CPU.ActiveCfg = Release|Any CPU
		{6BCB6760-8731-4E45-BA9F-4DAC81E3471B}.Release|Any CPU.Build.0 = Release|Any CPU
		{AC23AB76-BF29-4AD7-AA9A-AC5683B264EB}.Debug|Any CPU.ActiveCfg = Debug|Any CPU
		{AC23AB76-BF29-4AD7-AA9A-AC5683B264EB}.Debug|Any CPU.Build.0 = Debug|Any CPU
		{AC23AB76-BF29-4AD7-AA9A-AC5683B264EB}.Release|Any CPU.ActiveCfg = Release|Any CPU
		{AC23AB76-BF29-4AD7-AA9A-AC5683B264EB}.Release|Any CPU.Build.0 = Release|Any CPU
		{C771F9CB-B688-4A62-915D-2EE28B508041}.Debug|Any CPU.ActiveCfg = Debug|Any CPU
		{C771F9CB-B688-4A62-915D-2EE28B508041}.Debug|Any CPU.Build.0 = Debug|Any CPU
		{C771F9CB-B688-4A62-915D-2EE28B508041}.Release|Any CPU.ActiveCfg = Release|Any CPU
		{C771F9CB-B688-4A62-915D-2EE28B508041}.Release|Any CPU.Build.0 = Release|Any CPU
		{26888040-6705-476C-B47C-6460CE8EEA16}.Debug|Any CPU.ActiveCfg = Debug|Any CPU
		{26888040-6705-476C-B47C-6460CE8EEA16}.Debug|Any CPU.Build.0 = Debug|Any CPU
		{26888040-6705-476C-B47C-6460CE8EEA16}.Release|Any CPU.ActiveCfg = Release|Any CPU
		{26888040-6705-476C-B47C-6460CE8EEA16}.Release|Any CPU.Build.0 = Release|Any CPU
		{BA6FD9E7-EF4B-4C51-90F2-F481C0637B2D}.Debug|Any CPU.ActiveCfg = Debug|Any CPU
		{BA6FD9E7-EF4B-4C51-90F2-F481C0637B2D}.Debug|Any CPU.Build.0 = Debug|Any CPU
		{BA6FD9E7-EF4B-4C51-90F2-F481C0637B2D}.Release|Any CPU.ActiveCfg = Release|Any CPU
		{BA6FD9E7-EF4B-4C51-90F2-F481C0637B2D}.Release|Any CPU.Build.0 = Release|Any CPU
		{3C441591-3E42-4566-B6F0-92428C85DCBE}.Debug|Any CPU.ActiveCfg = Debug|Any CPU
		{3C441591-3E42-4566-B6F0-92428C85DCBE}.Debug|Any CPU.Build.0 = Debug|Any CPU
		{3C441591-3E42-4566-B6F0-92428C85DCBE}.Release|Any CPU.ActiveCfg = Release|Any CPU
		{3C441591-3E42-4566-B6F0-92428C85DCBE}.Release|Any CPU.Build.0 = Release|Any CPU
		{A66B5397-C604-49C6-BCC1-F124E1B8009C}.Debug|Any CPU.ActiveCfg = Debug|Any CPU
		{A66B5397-C604-49C6-BCC1-F124E1B8009C}.Debug|Any CPU.Build.0 = Debug|Any CPU
		{A66B5397-C604-49C6-BCC1-F124E1B8009C}.Release|Any CPU.ActiveCfg = Release|Any CPU
		{A66B5397-C604-49C6-BCC1-F124E1B8009C}.Release|Any CPU.Build.0 = Release|Any CPU
	EndGlobalSection
	GlobalSection(NestedProjects) = preSolution
		{1A726FDE-06EE-4406-AF5B-5AE2147F5A81} = {E9D2EA91-0FA4-45D4-BA74-8F30631A2DD6}
		{9C87D18F-9440-47F4-BCBF-7FE21266013F} = {1A726FDE-06EE-4406-AF5B-5AE2147F5A81}
		{C9506D91-2675-43F9-ADBB-345639416DF2} = {E9D2EA91-0FA4-45D4-BA74-8F30631A2DD6}
		{AFDC8C02-1912-4E7D-8690-2CCAE5E895A6} = {C9506D91-2675-43F9-ADBB-345639416DF2}
		{24DC408A-CC3D-42F9-A48B-4089C6D53A15} = {E9D2EA91-0FA4-45D4-BA74-8F30631A2DD6}
		{D1062E61-4E23-4B2F-B321-A299D0AE0F71} = {24DC408A-CC3D-42F9-A48B-4089C6D53A15}
		{1C7E552F-25CA-4446-A669-00AEAC8286B3} = {D1062E61-4E23-4B2F-B321-A299D0AE0F71}
		{B4D88E3E-0BB9-47F0-91D3-93C8A25CB6F2} = {D1062E61-4E23-4B2F-B321-A299D0AE0F71}
		{CCED581A-5EB8-45D2-8E2B-D08B5873A664} = {D1062E61-4E23-4B2F-B321-A299D0AE0F71}
		{B7A14A38-481C-47A8-87A8-67FEB076D1EA} = {D1062E61-4E23-4B2F-B321-A299D0AE0F71}
		{5589DC44-2967-40E4-8F2F-666586F427C5} = {24DC408A-CC3D-42F9-A48B-4089C6D53A15}
		{31D954A2-E425-4520-AA61-A4A104117AEB} = {5589DC44-2967-40E4-8F2F-666586F427C5}
		{9D8F87CA-18C7-42B7-B1B7-32E4D6741681} = {5589DC44-2967-40E4-8F2F-666586F427C5}
		{1A4DF718-9F0E-499B-BEAE-1C97C9C3F8B2} = {5589DC44-2967-40E4-8F2F-666586F427C5}
		{56DBEE8B-063F-4309-B67E-39E4DB39E2FB} = {5589DC44-2967-40E4-8F2F-666586F427C5}
		{84F8FB88-7D32-4045-8854-4C13B09D92E3} = {24DC408A-CC3D-42F9-A48B-4089C6D53A15}
		{06D8928E-A94D-4313-B77E-93788EAA2320} = {84F8FB88-7D32-4045-8854-4C13B09D92E3}
		{2FF264C0-0026-4B0F-AC37-A6EB24A3E901} = {24DC408A-CC3D-42F9-A48B-4089C6D53A15}
		{08A87D04-DB47-4B46-A91A-DB82CF54C9EB} = {2FF264C0-0026-4B0F-AC37-A6EB24A3E901}
		{AB6CDAA3-E32F-41C7-B680-35009FAC0117} = {24DC408A-CC3D-42F9-A48B-4089C6D53A15}
		{05CCB047-3364-49DA-9468-89A6B0442D3E} = {AB6CDAA3-E32F-41C7-B680-35009FAC0117}
		{5CDA581F-CD86-44F9-9510-135A30C4F1E4} = {AB6CDAA3-E32F-41C7-B680-35009FAC0117}
		{AAF6E938-B255-4E9E-8C08-3A9E550EAC99} = {AB6CDAA3-E32F-41C7-B680-35009FAC0117}
		{1B2C780C-580A-485F-96D1-1BF727EE8820} = {AB6CDAA3-E32F-41C7-B680-35009FAC0117}
		{E47DC346-270D-4BA7-B9F4-BE0235E79EFE} = {2FF264C0-0026-4B0F-AC37-A6EB24A3E901}
		{7DE3F57A-20B7-4C6E-8588-8C0ABFBE43EC} = {2FF264C0-0026-4B0F-AC37-A6EB24A3E901}
		{A8484432-C5BA-4D0A-9F4C-AAB31FB0187F} = {2FF264C0-0026-4B0F-AC37-A6EB24A3E901}
		{9511FDB6-DD5B-4FDC-A519-D899156F22BC} = {24DC408A-CC3D-42F9-A48B-4089C6D53A15}
		{3E2BECD0-84E6-4560-84B5-2E43A4F2A540} = {9511FDB6-DD5B-4FDC-A519-D899156F22BC}
		{D81B1843-8EEF-48B8-BDD4-436A7D4537FF} = {9511FDB6-DD5B-4FDC-A519-D899156F22BC}
		{318A15FE-78FD-4C0D-9D58-901949B80AC9} = {9511FDB6-DD5B-4FDC-A519-D899156F22BC}
		{BC941265-E3E1-46FD-A407-A778C9510C4A} = {9511FDB6-DD5B-4FDC-A519-D899156F22BC}
		{ECD8F952-E879-4CD9-9383-6BC7D5184E54} = {84F8FB88-7D32-4045-8854-4C13B09D92E3}
		{F62C58F9-F16F-4D6D-BEF6-D35CFB0942BB} = {84F8FB88-7D32-4045-8854-4C13B09D92E3}
		{344384AF-133F-4C53-9712-B5901C38B0E3} = {84F8FB88-7D32-4045-8854-4C13B09D92E3}
		{3A45BF76-621C-493B-9708-15CBABB674BD} = {24DC408A-CC3D-42F9-A48B-4089C6D53A15}
		{FDC1CC4B-CB73-48AC-BC3E-FAC8BEC584E1} = {3A45BF76-621C-493B-9708-15CBABB674BD}
		{C00FC033-17C2-45F4-A7E8-18FF12309CB2} = {3A45BF76-621C-493B-9708-15CBABB674BD}
		{C5D86C0A-E38B-4249-AF2B-B5E21A66BCAF} = {3A45BF76-621C-493B-9708-15CBABB674BD}
		{458D9F49-38DD-4B83-A39E-A55CA516BD75} = {3A45BF76-621C-493B-9708-15CBABB674BD}
		{A226DF7D-D7BF-4141-A8A0-94504C197C0E} = {24DC408A-CC3D-42F9-A48B-4089C6D53A15}
		{943DE97F-302D-4A29-B480-82F04FB24FD5} = {A226DF7D-D7BF-4141-A8A0-94504C197C0E}
		{6BCB6760-8731-4E45-BA9F-4DAC81E3471B} = {A226DF7D-D7BF-4141-A8A0-94504C197C0E}
		{AC23AB76-BF29-4AD7-AA9A-AC5683B264EB} = {A226DF7D-D7BF-4141-A8A0-94504C197C0E}
		{C771F9CB-B688-4A62-915D-2EE28B508041} = {A226DF7D-D7BF-4141-A8A0-94504C197C0E}
		{F5A96708-CC39-42B8-8249-B77884739984} = {24DC408A-CC3D-42F9-A48B-4089C6D53A15}
		{26888040-6705-476C-B47C-6460CE8EEA16} = {F5A96708-CC39-42B8-8249-B77884739984}
		{BA6FD9E7-EF4B-4C51-90F2-F481C0637B2D} = {F5A96708-CC39-42B8-8249-B77884739984}
		{3C441591-3E42-4566-B6F0-92428C85DCBE} = {F5A96708-CC39-42B8-8249-B77884739984}
		{A66B5397-C604-49C6-BCC1-F124E1B8009C} = {F5A96708-CC39-42B8-8249-B77884739984}
	EndGlobalSection
EndGlobal
